
Microsoft Visual Studio Solution File, Format Version 12.00
# Visual Studio Version 17
VisualStudioVersion = 17.10.35027.167
MinimumVisualStudioVersion = 10.0.40219.1
Project("{9A19103F-16F7-4668-BE54-9A1E7A4F7556}") = "PhotoManagement", "PhotoManagement.csproj", "{B8905AC8-4CE6-4B77-A934-86C3E33A046A}"
EndProject
Project("{9A19103F-16F7-4668-BE54-9A1E7A4F7556}") = "DAL", "..\DAL\DAL.csproj", "{81487432-084A-4805-9455-7D7174845F0C}"
EndProject
Project("{9A19103F-16F7-4668-BE54-9A1E7A4F7556}") = "BLL", "..\BLL\BLL.csproj", "{EE63280F-0788-470B-B69B-035AAEE35632}"
EndProject
Global
	GlobalSection(SolutionConfigurationPlatforms) = preSolution
		Debug|Any CPU = Debug|Any CPU
		Release|Any CPU = Release|Any CPU
	EndGlobalSection
	GlobalSection(ProjectConfigurationPlatforms) = postSolution
		{B8905AC8-4CE6-4B77-A934-86C3E33A046A}.Debug|Any CPU.ActiveCfg = Debug|Any CPU
		{B8905AC8-4CE6-4B77-A934-86C3E33A046A}.Debug|Any CPU.Build.0 = Debug|Any CPU
		{B8905AC8-4CE6-4B77-A934-86C3E33A046A}.Release|Any CPU.ActiveCfg = Release|Any CPU
		{B8905AC8-4CE6-4B77-A934-86C3E33A046A}.Release|Any CPU.Build.0 = Release|Any CPU
		{81487432-084A-4805-9455-7D7174845F0C}.Debug|Any CPU.ActiveCfg = Debug|Any CPU
		{81487432-084A-4805-9455-7D7174845F0C}.Debug|Any CPU.Build.0 = Debug|Any CPU
		{81487432-084A-4805-9455-7D7174845F0C}.Release|Any CPU.ActiveCfg = Release|Any CPU
		{81487432-084A-4805-9455-7D7174845F0C}.Release|Any CPU.Build.0 = Release|Any CPU
		{EE63280F-0788-470B-B69B-035AAEE35632}.Debug|Any CPU.ActiveCfg = Debug|Any CPU
		{EE63280F-0788-470B-B69B-035AAEE35632}.Debug|Any CPU.Build.0 = Debug|Any CPU
		{EE63280F-0788-470B-B69B-035AAEE35632}.Release|Any CPU.ActiveCfg = Release|Any CPU
		{EE63280F-0788-470B-B69B-035AAEE35632}.Release|Any CPU.Build.0 = Release|Any CPU
	EndGlobalSection
	GlobalSection(SolutionProperties) = preSolution
		HideSolutionNode = FALSE
	EndGlobalSection
	GlobalSection(ExtensibilityGlobals) = postSolution
		SolutionGuid = {D32DF0E6-9ED0-4DA6-AB61-331EE3E2DEE6}
	EndGlobalSection
EndGlobal
